
Microsoft Visual Studio Solution File, Format Version 12.00
# Visual Studio Version 16
VisualStudioVersion = 16.0.30523.141
MinimumVisualStudioVersion = 10.0.40219.1
Project("{FAE04EC0-301F-11D3-BF4B-00C04F79EFBC}") = "WindowsFormsApp3", "WindowsFormsApp3\WindowsFormsApp3.csproj", "{41DAC663-48AF-4196-92B3-1184D39CE716}"
EndProject
Project("{FAE04EC0-301F-11D3-BF4B-00C04F79EFBC}") = "WindowsFormsApp1", "WindowsFormsApp1\WindowsFormsApp1.csproj", "{C5305915-E156-482C-8234-1B4482068CAB}"
EndProject
Project("{FAE04EC0-301F-11D3-BF4B-00C04F79EFBC}") = "Act8", "Act8\Act8.csproj", "{3CD5A441-62C8-433E-8449-45141EA43694}"
EndProject
Global
	GlobalSection(SolutionConfigurationPlatforms) = preSolution
		Debug|Any CPU = Debug|Any CPU
		Release|Any CPU = Release|Any CPU
	EndGlobalSection
	GlobalSection(ProjectConfigurationPlatforms) = postSolution
		{41DAC663-48AF-4196-92B3-1184D39CE716}.Debug|Any CPU.ActiveCfg = Debug|Any CPU
		{41DAC663-48AF-4196-92B3-1184D39CE716}.Debug|Any CPU.Build.0 = Debug|Any CPU
		{41DAC663-48AF-4196-92B3-1184D39CE716}.Release|Any CPU.ActiveCfg = Release|Any CPU
		{41DAC663-48AF-4196-92B3-1184D39CE716}.Release|Any CPU.Build.0 = Release|Any CPU
		{C5305915-E156-482C-8234-1B4482068CAB}.Debug|Any CPU.ActiveCfg = Debug|Any CPU
		{C5305915-E156-482C-8234-1B4482068CAB}.Debug|Any CPU.Build.0 = Debug|Any CPU
		{C5305915-E156-482C-8234-1B4482068CAB}.Release|Any CPU.ActiveCfg = Release|Any CPU
		{C5305915-E156-482C-8234-1B4482068CAB}.Release|Any CPU.Build.0 = Release|Any CPU
		{3CD5A441-62C8-433E-8449-45141EA43694}.Debug|Any CPU.ActiveCfg = Debug|Any CPU
		{3CD5A441-62C8-433E-8449-45141EA43694}.Debug|Any CPU.Build.0 = Debug|Any CPU
		{3CD5A441-62C8-433E-8449-45141EA43694}.Release|Any CPU.ActiveCfg = Release|Any CPU
		{3CD5A441-62C8-433E-8449-45141EA43694}.Release|Any CPU.Build.0 = Release|Any CPU
	EndGlobalSection
	GlobalSection(SolutionProperties) = preSolution
		HideSolutionNode = FALSE
	EndGlobalSection
	GlobalSection(ExtensibilityGlobals) = postSolution
		SolutionGuid = {E7AB2195-516D-4C6B-AB1C-6B311A628397}
	EndGlobalSection
EndGlobal
